
Microsoft Visual Studio Solution File, Format Version 12.00
# Visual Studio Version 17
VisualStudioVersion = 17.5.33424.131
MinimumVisualStudioVersion = 10.0.40219.1
Project("{2150E333-8FDC-42A3-9474-1A3956D46DE8}") = "Documents", "Documents", "{1DE223BB-AD1B-492D-A448-C89373B2D54D}"
EndProject
Project("{2150E333-8FDC-42A3-9474-1A3956D46DE8}") = "Solution Items", "Solution Items", "{7D29DC0E-90EC-4D9D-8AFB-B4422E2D2FB8}"
	ProjectSection(SolutionItems) = preProject
		history.txt = history.txt
		todo.txt = todo.txt
	EndProjectSection
EndProject
Project("{2150E333-8FDC-42A3-9474-1A3956D46DE8}") = "00.NLib", "00.NLib", "{55BDE894-1CA8-442F-8E7C-B827CD14A94F}"
EndProject
Project("{FAE04EC0-301F-11D3-BF4B-00C04F79EFBC}") = "NLib", "00.NLib\NLib\NLib.csproj", "{41A9D6C0-C833-403F-9BC1-EECDC246A428}"
EndProject
Project("{FAE04EC0-301F-11D3-BF4B-00C04F79EFBC}") = "NLib.Reports", "00.NLib\NLib.Reports\NLib.Reports.csproj", "{5879D92A-F850-4A70-8D88-99D29F6A46F3}"
EndProject
Project("{2150E333-8FDC-42A3-9474-1A3956D46DE8}") = "01.Core", "01.Core", "{32311EC4-202E-4CF0-92C8-AD2A1617A18A}"
EndProject
Project("{2150E333-8FDC-42A3-9474-1A3956D46DE8}") = "05.Controls", "05.Controls", "{95631D99-8D15-405D-ACBF-93362B3B019C}"
EndProject
Project("{2150E333-8FDC-42A3-9474-1A3956D46DE8}") = "09.App", "09.App", "{B80910F2-BC08-4C75-9E6D-170ECC150E61}"
EndProject
Project("{FAE04EC0-301F-11D3-BF4B-00C04F79EFBC}") = "M3.Cord.Core", "01.Core\M3.Cord.Core\M3.Cord.Core.csproj", "{97207FA7-D028-4F2F-812E-F2A3E2A85C81}"
EndProject
Project("{FAE04EC0-301F-11D3-BF4B-00C04F79EFBC}") = "M3.Cord.Controls", "05.Controls\M3.Cord.Controls\M3.Cord.Controls.csproj", "{11CA5B2D-AE32-4514-AFB4-9F24B851C9E0}"
EndProject
Project("{2150E333-8FDC-42A3-9474-1A3956D46DE8}") = "02.Models", "02.Models", "{A3393158-5B07-4CD3-B03E-62CBC1A331DB}"
EndProject
Project("{FAE04EC0-301F-11D3-BF4B-00C04F79EFBC}") = "M3.Cord.Models", "02.Models\M3.Cord.Models\M3.Cord.Models.csproj", "{79B5DFDA-FC06-4DC2-A260-07DE878E5FA7}"
EndProject
Project("{FAE04EC0-301F-11D3-BF4B-00C04F79EFBC}") = "M3.Cord.Production.App", "09.App\M3.Cord.Production.App\M3.Cord.Production.App.csproj", "{29F96A5F-D9D4-4EE7-82EE-E423749372B3}"
EndProject
Project("{FAE04EC0-301F-11D3-BF4B-00C04F79EFBC}") = "M3.Cord.QA.App", "09.App\M3.Cord.QA.App\M3.Cord.QA.App.csproj", "{3A0AD7ED-1823-45E7-8BE3-6E69FAEA7C32}"
EndProject
Project("{2150E333-8FDC-42A3-9474-1A3956D46DE8}") = "20.Tests", "20.Tests", "{159B3C70-A36A-4E53-91A1-B346894525DF}"
EndProject
Project("{FAE04EC0-301F-11D3-BF4B-00C04F79EFBC}") = "SendMail", "20.Tests\SendMail\SendMail.csproj", "{9966417B-FA3A-428C-8812-FD1A9488805F}"
EndProject
Project("{2150E333-8FDC-42A3-9474-1A3956D46DE8}") = "AIRBAG", "AIRBAG", "{61233AE4-1587-4645-8540-83E1619B046C}"
EndProject
Project("{2150E333-8FDC-42A3-9474-1A3956D46DE8}") = "Cord", "Cord", "{B2818B90-A408-452A-B236-02309FC6455F}"
EndProject
Project("{2150E333-8FDC-42A3-9474-1A3956D46DE8}") = "Screen", "Screen", "{06A1A6D2-E660-4257-8A0E-7A3030BB3871}"
EndProject
Project("{2150E333-8FDC-42A3-9474-1A3956D46DE8}") = "G3", "G3", "{DD4121D2-A818-4B75-9C17-EADE5D556905}"
	ProjectSection(SolutionItems) = preProject
		Documents\AIRBAG\Screen\G3\2023-03-06 07_08_22-822255909 - AnyDesk.png = Documents\AIRBAG\Screen\G3\2023-03-06 07_08_22-822255909 - AnyDesk.png
		Documents\AIRBAG\Screen\G3\2023-03-06 07_08_49-822255909 - AnyDesk.png = Documents\AIRBAG\Screen\G3\2023-03-06 07_08_49-822255909 - AnyDesk.png
		Documents\AIRBAG\Screen\G3\2023-03-06 07_09_20-822255909 - AnyDesk.png = Documents\AIRBAG\Screen\G3\2023-03-06 07_09_20-822255909 - AnyDesk.png
		Documents\AIRBAG\Screen\G3\2023-03-06 07_15_13-822255909 - AnyDesk.png = Documents\AIRBAG\Screen\G3\2023-03-06 07_15_13-822255909 - AnyDesk.png
		Documents\AIRBAG\Screen\G3\2023-03-06 07_22_02-822255909 - AnyDesk.png = Documents\AIRBAG\Screen\G3\2023-03-06 07_22_02-822255909 - AnyDesk.png
		Documents\AIRBAG\Screen\G3\2023-03-06 07_23_01-822255909 - AnyDesk.png = Documents\AIRBAG\Screen\G3\2023-03-06 07_23_01-822255909 - AnyDesk.png
		Documents\AIRBAG\Screen\G3\2023-03-06 07_23_55-822255909 - AnyDesk.png = Documents\AIRBAG\Screen\G3\2023-03-06 07_23_55-822255909 - AnyDesk.png
	EndProjectSection
EndProject
Project("{2150E333-8FDC-42A3-9474-1A3956D46DE8}") = "Spec", "Spec", "{58E12BCF-850D-4E8A-8388-F8E56E58147A}"
	ProjectSection(SolutionItems) = preProject
		Documents\Cord\Spec\Cord Logic(1).docx = Documents\Cord\Spec\Cord Logic(1).docx
		Documents\Cord\Spec\Cord N test each physical properties.pdf = Documents\Cord\Spec\Cord N test each physical properties.pdf
		Documents\Cord\Spec\Cord Step.txt = Documents\Cord\Spec\Cord Step.txt
		Documents\Cord\Spec\Cord Test report_4 Customer sensor.pdf = Documents\Cord\Spec\Cord Test report_4 Customer sensor.pdf
		Documents\Cord\Spec\Oracle Script G3.txt = Documents\Cord\Spec\Oracle Script G3.txt
		Documents\Cord\Spec\Traceability_CordProduction_Detail_Phase1_V1.xlsx = Documents\Cord\Spec\Traceability_CordProduction_Detail_Phase1_V1.xlsx
		Documents\Cord\Spec\การะบวนการ Cord Phase1.docx = Documents\Cord\Spec\การะบวนการ Cord Phase1.docx
	EndProjectSection
EndProject
Project("{FAE04EC0-301F-11D3-BF4B-00C04F79EFBC}") = "WpfSendKeys", "20.Tests\WpfSendKeys\WpfSendKeys.csproj", "{FD2DBC77-8DFE-415C-A4A4-283CFD16C549}"
EndProject
Project("{FAE04EC0-301F-11D3-BF4B-00C04F79EFBC}") = "WpfOracleConnect", "20.Tests\WpfOracleConnect\WpfOracleConnect.csproj", "{E66D23A9-1AEF-44D4-8255-A971B9B9065F}"
EndProject
Project("{2150E333-8FDC-42A3-9474-1A3956D46DE8}") = "Cord Images", "Cord Images", "{8550DF40-EF48-4A89-A7E5-AA39F4113E62}"
	ProjectSection(SolutionItems) = preProject
		Documents\Cord\Cord Images\22I02A(1).pdf = Documents\Cord\Cord Images\22I02A(1).pdf
		Documents\Cord\Cord Images\24112022100025(1).pdf = Documents\Cord\Cord Images\24112022100025(1).pdf
		Documents\Cord\Cord Images\9H0663L  S-1-1  22111 (1).pdf = Documents\Cord\Cord Images\9H0663L  S-1-1  22111 (1).pdf
		Documents\Cord\Cord Images\cord_06.jpg = Documents\Cord\Cord Images\cord_06.jpg
		Documents\Cord\Cord Images\cord_25.jpg = Documents\Cord\Cord Images\cord_25.jpg
		Documents\Cord\Cord Images\cord_26.jpg = Documents\Cord\Cord Images\cord_26.jpg
		Documents\Cord\Cord Images\cord_35.jpg = Documents\Cord\Cord Images\cord_35.jpg
		Documents\Cord\Cord Images\cord_36.jpg = Documents\Cord\Cord Images\cord_36.jpg
		Documents\Cord\Cord Images\cord_37.jpg = Documents\Cord\Cord Images\cord_37.jpg
		Documents\Cord\Cord Images\cord_38.jpg = Documents\Cord\Cord Images\cord_38.jpg
		Documents\Cord\Cord Images\cord_41.jpg = Documents\Cord\Cord Images\cord_41.jpg
		Documents\Cord\Cord Images\cord_42.jpg = Documents\Cord\Cord Images\cord_42.jpg
		Documents\Cord\Cord Images\cord_50.jpg = Documents\Cord\Cord Images\cord_50.jpg
		Documents\Cord\Cord Images\cord_52.jpg = Documents\Cord\Cord Images\cord_52.jpg
		Documents\Cord\Cord Images\cord_53.jpg = Documents\Cord\Cord Images\cord_53.jpg
		Documents\Cord\Cord Images\cord_54.jpg = Documents\Cord\Cord Images\cord_54.jpg
		Documents\Cord\Cord Images\cord_55.jpg = Documents\Cord\Cord Images\cord_55.jpg
		Documents\Cord\Cord Images\cord_56.jpg = Documents\Cord\Cord Images\cord_56.jpg
		Documents\Cord\Cord Images\cord_57.jpg = Documents\Cord\Cord Images\cord_57.jpg
		Documents\Cord\Cord Images\cord_58.jpg = Documents\Cord\Cord Images\cord_58.jpg
		Documents\Cord\Cord Images\cord_62.jpg = Documents\Cord\Cord Images\cord_62.jpg
		Documents\Cord\Cord Images\cord_63.jpg = Documents\Cord\Cord Images\cord_63.jpg
		Documents\Cord\Cord Images\cord_64.jpg = Documents\Cord\Cord Images\cord_64.jpg
		Documents\Cord\Cord Images\cord_71.jpg = Documents\Cord\Cord Images\cord_71.jpg
		Documents\Cord\Cord Images\FM-TW-08-04  ใบบันทึกสภาวะการตีเกลียวครั้งที-1.xls = Documents\Cord\Cord Images\FM-TW-08-04  ใบบันทึกสภาวะการตีเกลียวครั้งที-1.xls
		Documents\Cord\Cord Images\P1671TT S-4-1  22I22T (1).pdf = Documents\Cord\Cord Images\P1671TT S-4-1  22I22T (1).pdf
	EndProjectSection
EndProject
Project("{FAE04EC0-301F-11D3-BF4B-00C04F79EFBC}") = "NLib.Utils", "00.NLib\NLib.Utils\NLib.Utils.csproj", "{93ACB478-4570-4F67-9442-2839D1A46EC9}"
EndProject
Project("{FAE04EC0-301F-11D3-BF4B-00C04F79EFBC}") = "NLib.Wpf.Controls", "00.NLib\NLib.Wpf.Controls\NLib.Wpf.Controls.csproj", "{238FC7FF-5234-4FEB-8265-22B8E8F01B0C}"
EndProject
Project("{FAE04EC0-301F-11D3-BF4B-00C04F79EFBC}") = "NLib.Wpf.Test.App", "20.Tests\NLib.Wpf.Test.App\NLib.Wpf.Test.App.csproj", "{D630DDB9-753C-4E24-B2E7-01D96BDB21E8}"
EndProject
Project("{2150E333-8FDC-42A3-9474-1A3956D46DE8}") = "Data", "Data", "{748F0C41-F28A-4609-A45C-C46D218F0470}"
	ProjectSection(SolutionItems) = preProject
		Documents\Data\data.txt = Documents\Data\data.txt
		Documents\Data\First Twist.txt = Documents\Data\First Twist.txt
	EndProjectSection
EndProject
Project("{2150E333-8FDC-42A3-9474-1A3956D46DE8}") = "Oracle", "Oracle", "{5C54D9E2-5613-452D-AB27-C131D613F94B}"
EndProject
Project("{2150E333-8FDC-42A3-9474-1A3956D46DE8}") = "SQL Server", "SQL Server", "{C421F315-83E3-4CFB-A664-8E4D19F3DCE1}"
	ProjectSection(SolutionItems) = preProject
		Documents\Data\Oracle\G3_ISSUEYARN_100.xls = Documents\Data\Oracle\G3_ISSUEYARN_100.xls
		Documents\Data\Oracle\G3_YARN_100.xls = Documents\Data\Oracle\G3_YARN_100.xls
		Documents\Data\Oracle\ORACLE_G3_ISSUEYARN.json = Documents\Data\Oracle\ORACLE_G3_ISSUEYARN.json
		Documents\Data\Oracle\ORACLE_G3_YARN.json = Documents\Data\Oracle\ORACLE_G3_YARN.json
		Documents\Data\Oracle\ORACLE_ITEMCODE.json = Documents\Data\Oracle\ORACLE_ITEMCODE.json
		Documents\Data\Oracle\table_export.xls = Documents\Data\Oracle\table_export.xls
	EndProjectSection
EndProject
Project("{FAE04EC0-301F-11D3-BF4B-00C04F79EFBC}") = "CordLiteDb", "20.Tests\CordLiteDb\CordLiteDb.csproj", "{E0D610B7-6D04-40B8-93FD-F32AE06DDD32}"
EndProject
Project("{2150E333-8FDC-42A3-9474-1A3956D46DE8}") = "PPT", "PPT", "{62778368-8AB8-4597-A82A-920E2975A982}"
EndProject
Project("{2150E333-8FDC-42A3-9474-1A3956D46DE8}") = "v0", "v0", "{3487607A-154F-41EE-A04D-C71F2D382CC4}"
	ProjectSection(SolutionItems) = preProject
		Documents\Cord\PPT\v0\Cord_2023-04-06v2.pptx = Documents\Cord\PPT\v0\Cord_2023-04-06v2.pptx
	EndProjectSection
EndProject
Project("{2150E333-8FDC-42A3-9474-1A3956D46DE8}") = "v0", "v0", "{466F64A8-B4FA-49C8-A061-A0DACE3C77C6}"
	ProjectSection(SolutionItems) = preProject
		Documents\Data\Oracle\v0\G3_ISSUEYARN.cs = Documents\Data\Oracle\v0\G3_ISSUEYARN.cs
		Documents\Data\Oracle\v0\G3_ISSUEYARN_100.xls = Documents\Data\Oracle\v0\G3_ISSUEYARN_100.xls
		Documents\Data\Oracle\v0\G3_YARN.cs = Documents\Data\Oracle\v0\G3_YARN.cs
		Documents\Data\Oracle\v0\G3_YARN_100.xls = Documents\Data\Oracle\v0\G3_YARN_100.xls
		Documents\Data\Oracle\v0\ORACLE_G3_ISSUEYARN.json = Documents\Data\Oracle\v0\ORACLE_G3_ISSUEYARN.json
		Documents\Data\Oracle\v0\ORACLE_G3_YARN.json = Documents\Data\Oracle\v0\ORACLE_G3_YARN.json
		Documents\Data\Oracle\v0\ORACLE_ITEMCODE.json = Documents\Data\Oracle\v0\ORACLE_ITEMCODE.json
		Documents\Data\Oracle\v0\table_export.xls = Documents\Data\Oracle\v0\table_export.xls
	EndProjectSection
EndProject
Project("{2150E333-8FDC-42A3-9474-1A3956D46DE8}") = "v1", "v1", "{943E6355-3881-4D47-837E-524D70D3FD14}"
	ProjectSection(SolutionItems) = preProject
		Documents\Data\Oracle\v1\G3IssueYarn.json = Documents\Data\Oracle\v1\G3IssueYarn.json
		Documents\Data\Oracle\v1\G3Yarn.json = Documents\Data\Oracle\v1\G3Yarn.json
		Documents\Data\Oracle\v1\ItemCode.json = Documents\Data\Oracle\v1\ItemCode.json
		Documents\Data\Oracle\v1\Oracle Db Query.sql = Documents\Data\Oracle\v1\Oracle Db Query.sql
	EndProjectSection
EndProject
Project("{2150E333-8FDC-42A3-9474-1A3956D46DE8}") = "Cord_v0 Image", "Cord_v0 Image", "{52DA3F0D-91F5-45F1-A955-9CB3DF6D9ABD}"
	ProjectSection(SolutionItems) = preProject
		Documents\Cord\PPT\v0\Cord_v0 Image\00.Cord.MainMenu.png = Documents\Cord\PPT\v0\Cord_v0 Image\00.Cord.MainMenu.png
		Documents\Cord\PPT\v0\Cord_v0 Image\01.G4.Receive.Raw.Material.Step.01.png = Documents\Cord\PPT\v0\Cord_v0 Image\01.G4.Receive.Raw.Material.Step.01.png
		Documents\Cord\PPT\v0\Cord_v0 Image\01.G4.Receive.Raw.Material.Step.02.png = Documents\Cord\PPT\v0\Cord_v0 Image\01.G4.Receive.Raw.Material.Step.02.png
		Documents\Cord\PPT\v0\Cord_v0 Image\01.G4.Receive.Raw.Material.Step.03.png = Documents\Cord\PPT\v0\Cord_v0 Image\01.G4.Receive.Raw.Material.Step.03.png
		Documents\Cord\PPT\v0\Cord_v0 Image\01.G4.Receive.Raw.Material.Step.04.png = Documents\Cord\PPT\v0\Cord_v0 Image\01.G4.Receive.Raw.Material.Step.04.png
		Documents\Cord\PPT\v0\Cord_v0 Image\01.G4.Receive.Raw.Material.Step.05.png = Documents\Cord\PPT\v0\Cord_v0 Image\01.G4.Receive.Raw.Material.Step.05.png
		Documents\Cord\PPT\v0\Cord_v0 Image\01.G4.Receive.Raw.Material.Step.06.png = Documents\Cord\PPT\v0\Cord_v0 Image\01.G4.Receive.Raw.Material.Step.06.png
		Documents\Cord\PPT\v0\Cord_v0 Image\01.G4.Receive.Raw.Material.Step.07.png = Documents\Cord\PPT\v0\Cord_v0 Image\01.G4.Receive.Raw.Material.Step.07.png
		Documents\Cord\PPT\v0\Cord_v0 Image\01.G4.Receive.Raw.Material.Step.08.png = Documents\Cord\PPT\v0\Cord_v0 Image\01.G4.Receive.Raw.Material.Step.08.png
		Documents\Cord\PPT\v0\Cord_v0 Image\01.G4.Receive.Raw.Material.Step.09.png = Documents\Cord\PPT\v0\Cord_v0 Image\01.G4.Receive.Raw.Material.Step.09.png
		Documents\Cord\PPT\v0\Cord_v0 Image\01.G4.Receive.Raw.Material.Step.10.png = Documents\Cord\PPT\v0\Cord_v0 Image\01.G4.Receive.Raw.Material.Step.10.png
		Documents\Cord\PPT\v0\Cord_v0 Image\02.G4.Issue.Raw.Material.Step.01.png = Documents\Cord\PPT\v0\Cord_v0 Image\02.G4.Issue.Raw.Material.Step.01.png
		Documents\Cord\PPT\v0\Cord_v0 Image\02.G4.Issue.Raw.Material.Step.02.png = Documents\Cord\PPT\v0\Cord_v0 Image\02.G4.Issue.Raw.Material.Step.02.png
		Documents\Cord\PPT\v0\Cord_v0 Image\02.G4.Issue.Raw.Material.Step.03.png = Documents\Cord\PPT\v0\Cord_v0 Image\02.G4.Issue.Raw.Material.Step.03.png
		Documents\Cord\PPT\v0\Cord_v0 Image\02.G4.Issue.Raw.Material.Step.04.png = Documents\Cord\PPT\v0\Cord_v0 Image\02.G4.Issue.Raw.Material.Step.04.png
		Documents\Cord\PPT\v0\Cord_v0 Image\02.G4.Issue.Raw.Material.Step.05.png = Documents\Cord\PPT\v0\Cord_v0 Image\02.G4.Issue.Raw.Material.Step.05.png
		Documents\Cord\PPT\v0\Cord_v0 Image\02.G4.Issue.Raw.Material.Step.06.png = Documents\Cord\PPT\v0\Cord_v0 Image\02.G4.Issue.Raw.Material.Step.06.png
		Documents\Cord\PPT\v0\Cord_v0 Image\02.G4.Issue.Raw.Material.Step.07.png = Documents\Cord\PPT\v0\Cord_v0 Image\02.G4.Issue.Raw.Material.Step.07.png
		Documents\Cord\PPT\v0\Cord_v0 Image\03.1stTwist.Operation.Step.01.png = Documents\Cord\PPT\v0\Cord_v0 Image\03.1stTwist.Operation.Step.01.png
		Documents\Cord\PPT\v0\Cord_v0 Image\03.1stTwist.Operation.Step.02.png = Documents\Cord\PPT\v0\Cord_v0 Image\03.1stTwist.Operation.Step.02.png
		Documents\Cord\PPT\v0\Cord_v0 Image\03.1stTwist.Operation.Step.03.png = Documents\Cord\PPT\v0\Cord_v0 Image\03.1stTwist.Operation.Step.03.png
	EndProjectSection
EndProject
Project("{FAE04EC0-301F-11D3-BF4B-00C04F79EFBC}") = "M3.Cord.Developer.Tools.App", "09.App\M3.Cord.Developer.Tools.App\M3.Cord.Developer.Tools.App.csproj", "{9EF1AB38-4DEF-4B56-A5EF-65BB87DE45BA}"
EndProject
Project("{2150E333-8FDC-42A3-9474-1A3956D46DE8}") = "Scripts", "Scripts", "{4ACCB01C-9DA9-4B86-81F7-CE9B18257A9C}"
	ProjectSection(SolutionItems) = preProject
		Documents\Data\Oracle\Scripts\G3_GetDataAS400.txt = Documents\Data\Oracle\Scripts\G3_GetDataAS400.txt
		Documents\Data\Oracle\Scripts\G3_getrequestnodetail.txt = Documents\Data\Oracle\Scripts\G3_getrequestnodetail.txt
		Documents\Data\Oracle\Scripts\G3_insertupdateissueyarn.txt = Documents\Data\Oracle\Scripts\G3_insertupdateissueyarn.txt
		Documents\Data\Oracle\Scripts\G3_SearchYarnStock.txt = Documents\Data\Oracle\Scripts\G3_SearchYarnStock.txt
	EndProjectSection
EndProject
Project("{FAE04EC0-301F-11D3-BF4B-00C04F79EFBC}") = "M3.Cord.AS400.Test.App", "20.Tests\M3.Cord.AS400.Test.App\M3.Cord.AS400.Test.App.csproj", "{2E161B42-CD75-435F-8FBE-589E63F96240}"
EndProject
Project("{2150E333-8FDC-42A3-9474-1A3956D46DE8}") = "Cord Documents", "Cord Documents", "{1AB1F0A9-1A19-4C59-BF0B-0D070A356997}"
	ProjectSection(SolutionItems) = preProject
		Documents\Cord\Cord Documents\4001 condition S-1.xlsx = Documents\Cord\Cord Documents\4001 condition S-1.xlsx
		Documents\Cord\Cord Documents\4002 Condition S-4.xlsx = Documents\Cord\Cord Documents\4002 Condition S-4.xlsx
		Documents\Cord\Cord Documents\4003 FM-TW-03-03 ใบส่งตัวอย่างตรวจสอบจำนวนเกลียว.xls = Documents\Cord\Cord Documents\4003 FM-TW-03-03 ใบส่งตัวอย่างตรวจสอบจำนวนเกลียว.xls
		Documents\Cord\Cord Documents\4004 Raw material check sheet.xlsx = Documents\Cord\Cord Documents\4004 Raw material check sheet.xlsx
		Documents\Cord\Cord Documents\4005 FM-TW-02-02 PC Card.xlsx = Documents\Cord\Cord Documents\4005 FM-TW-02-02 PC Card.xlsx
		Documents\Cord\Cord Documents\4006 FM-TW-08-04  ใบบันทึกสภาวะการตีเกลียวครั้งที-1.xls = Documents\Cord\Cord Documents\4006 FM-TW-08-04  ใบบันทึกสภาวะการตีเกลียวครั้งที-1.xls
		Documents\Cord\Cord Documents\4007 of RF-TW-14-04  Ageing Condition (S-5).xlsx = Documents\Cord\Cord Documents\4007 of RF-TW-14-04  Ageing Condition (S-5).xlsx
		Documents\Cord\Cord Documents\4008 FM-TW-02-02 ใบสภาวะการผลิต PC Card - Copy.xls = Documents\Cord\Cord Documents\4008 FM-TW-02-02 ใบสภาวะการผลิต PC Card - Copy.xls
		Documents\Cord\Cord Documents\4009 Actual recordd sheet for wet pick-up.xlsx = Documents\Cord\Cord Documents\4009 Actual recordd sheet for wet pick-up.xlsx
		Documents\Cord\Cord Documents\4010 ใบบันทึกสภาวะการผลิต.xlsx = Documents\Cord\Cord Documents\4010 ใบบันทึกสภาวะการผลิต.xlsx
		Documents\Cord\Cord Documents\4011 appearance check sheet S-9.xlsx = Documents\Cord\Cord Documents\4011 appearance check sheet S-9.xlsx
		Documents\Cord\Cord Documents\4011 Yarn settingS-7.xlsx = Documents\Cord\Cord Documents\4011 Yarn settingS-7.xlsx
		Documents\Cord\Cord Documents\4012 Confirmaion condition .xlsx = Documents\Cord\Cord Documents\4012 Confirmaion condition .xlsx
		Documents\Cord\Cord Documents\LB001 Label- A-4 New (2).xls = Documents\Cord\Cord Documents\LB001 Label- A-4 New (2).xls
		Documents\Cord\Cord Documents\LB002 Label A7 New 3 ใช้.xls = Documents\Cord\Cord Documents\LB002 Label A7 New 3 ใช้.xls
		Documents\Cord\Cord Documents\SLP001 ,SLP002 Doffing Report Slip.xlsx = Documents\Cord\Cord Documents\SLP001 ,SLP002 Doffing Report Slip.xlsx
	EndProjectSection
EndProject
Project("{2150E333-8FDC-42A3-9474-1A3956D46DE8}") = "Cord Master Data", "Cord Master Data", "{CE252662-AFB5-416E-B2AA-6C7A308F0656}"
	ProjectSection(SolutionItems) = preProject
		Documents\Cord\Cord Master Data\CORD_ITEM CODE.xls = Documents\Cord\Cord Master Data\CORD_ITEM CODE.xls
		Documents\Cord\Cord Master Data\out1.json = Documents\Cord\Cord Master Data\out1.json
		Documents\Cord\Cord Master Data\out2.json = Documents\Cord\Cord Master Data\out2.json
	EndProjectSection
EndProject
Project("{2150E333-8FDC-42A3-9474-1A3956D46DE8}") = "Cord Documents 2", "Cord Documents 2", "{6EBCABE5-CEFD-480F-99CF-341C107EBA63}"
	ProjectSection(SolutionItems) = preProject
		Documents\Cord\Cord Documents 2\22I02A.pdf = Documents\Cord\Cord Documents 2\22I02A.pdf
		Documents\Cord\Cord Documents 2\24112022100025.pdf = Documents\Cord\Cord Documents 2\24112022100025.pdf
		Documents\Cord\Cord Documents 2\9H0663L  S-1-1  22111 .pdf = Documents\Cord\Cord Documents 2\9H0663L  S-1-1  22111 .pdf
		Documents\Cord\Cord Documents 2\P1671TT S-4-1  22I22T .pdf = Documents\Cord\Cord Documents 2\P1671TT S-4-1  22I22T .pdf
	EndProjectSection
EndProject
Project("{2150E333-8FDC-42A3-9474-1A3956D46DE8}") = "Cord Flows", "Cord Flows", "{A463D8D3-81AB-4242-BEEF-EE9DF506194F}"
	ProjectSection(SolutionItems) = preProject
		Documents\Cord\Cord Flows\Cord Flow Chart - Phase1 V1.pptx = Documents\Cord\Cord Flows\Cord Flow Chart - Phase1 V1.pptx
		Documents\Cord\Cord Flows\cord_detail.xls = Documents\Cord\Cord Flows\cord_detail.xls
		Documents\Cord\Cord Flows\Traceability_Cord_Phase1_2023.pdf = Documents\Cord\Cord Flows\Traceability_Cord_Phase1_2023.pdf
		Documents\Cord\Cord Flows\การะบวนการ Cord Phase1(1).docx = Documents\Cord\Cord Flows\การะบวนการ Cord Phase1(1).docx
	EndProjectSection
EndProject
Project("{2150E333-8FDC-42A3-9474-1A3956D46DE8}") = "Cord Chemicals", "Cord Chemicals", "{40B588C6-09B5-4446-9E61-2A6F3B9890DD}"
	ProjectSection(SolutionItems) = preProject
		Documents\Cord\Cord Chemicals\Label of chemical.jpg = Documents\Cord\Cord Chemicals\Label of chemical.jpg
		Documents\Cord\Cord Chemicals\Supplier list for Cord Chemical (190523).xlsx = Documents\Cord\Cord Chemicals\Supplier list for Cord Chemical (190523).xlsx
	EndProjectSection
EndProject
Project("{2150E333-8FDC-42A3-9474-1A3956D46DE8}") = "Cord Conditions", "Cord Conditions", "{3BFE983F-FEFA-4B91-B41E-8539188CC6D3}"
	ProjectSection(SolutionItems) = preProject
		Documents\Cord\Cord Conditions\Condition 9A-1100L.xlsx = Documents\Cord\Cord Conditions\Condition 9A-1100L.xlsx
		Documents\Cord\Cord Conditions\Condition 9A0663L.xlsx = Documents\Cord\Cord Conditions\Condition 9A0663L.xlsx
		Documents\Cord\Cord Conditions\Condition 9H-0663SL.xlsx = Documents\Cord\Cord Conditions\Condition 9H-0663SL.xlsx
		Documents\Cord\Cord Conditions\Condition R10023.xlsx = Documents\Cord\Cord Conditions\Condition R10023.xlsx
		Documents\Cord\Cord Conditions\Condition Twisting for item 4673 (1800TW).xlsx = Documents\Cord\Cord Conditions\Condition Twisting for item 4673 (1800TW).xlsx
		Documents\Cord\Cord Conditions\H1671T.xlsx = Documents\Cord\Cord Conditions\H1671T.xlsx
		Documents\Cord\Cord Conditions\KT3R16.xlsx = Documents\Cord\Cord Conditions\KT3R16.xlsx
		Documents\Cord\Cord Conditions\KT3S71.xlsx = Documents\Cord\Cord Conditions\KT3S71.xlsx
		Documents\Cord\Cord Conditions\P1100TT.xlsx = Documents\Cord\Cord Conditions\P1100TT.xlsx
		Documents\Cord\Cord Conditions\P1100ZFT.xlsx = Documents\Cord\Cord Conditions\P1100ZFT.xlsx
		Documents\Cord\Cord Conditions\P1402TRH.xlsx = Documents\Cord\Cord Conditions\P1402TRH.xlsx
		Documents\Cord\Cord Conditions\P1670T1R.xlsx = Documents\Cord\Cord Conditions\P1670T1R.xlsx
		Documents\Cord\Cord Conditions\P1670ZFT.xlsx = Documents\Cord\Cord Conditions\P1670ZFT.xlsx
		Documents\Cord\Cord Conditions\P1671TT.xlsx = Documents\Cord\Cord Conditions\P1671TT.xlsx
	EndProjectSection
EndProject
Project("{2150E333-8FDC-42A3-9474-1A3956D46DE8}") = "Cord Users", "Cord Users", "{544BD3D4-3D18-43A4-86AA-A8238C51713F}"
	ProjectSection(SolutionItems) = preProject
		Documents\Cord\Cord User\Cord Jul'23 รายชื่อ พนักงาน.xlsx = Documents\Cord\Cord User\Cord Jul'23 รายชื่อ พนักงาน.xlsx
	EndProjectSection
EndProject
Project("{2150E333-8FDC-42A3-9474-1A3956D46DE8}") = "Cord Documents 3", "Cord Documents 3", "{F7354561-7AED-4DDA-AE91-EF1FBDAF8728}"
	ProjectSection(SolutionItems) = preProject
		Documents\Cord\Cord Documents 3\4673.xlsx = Documents\Cord\Cord Documents 3\4673.xlsx
		Documents\Cord\Cord Documents 3\8335.xlsx = Documents\Cord\Cord Documents 3\8335.xlsx
		Documents\Cord\Cord Documents 3\KT3R16.xlsx = Documents\Cord\Cord Documents 3\KT3R16.xlsx
		Documents\Cord\Cord Documents 3\KT3S71.xlsx = Documents\Cord\Cord Documents 3\KT3S71.xlsx
		Documents\Cord\Cord Documents 3\P1100TT.xlsx = Documents\Cord\Cord Documents 3\P1100TT.xlsx
		Documents\Cord\Cord Documents 3\P1402TRH.xlsx = Documents\Cord\Cord Documents 3\P1402TRH.xlsx
		Documents\Cord\Cord Documents 3\P1670T1R.xlsx = Documents\Cord\Cord Documents 3\P1670T1R.xlsx
		Documents\Cord\Cord Documents 3\P1671T.xlsx = Documents\Cord\Cord Documents 3\P1671T.xlsx
		Documents\Cord\Cord Documents 3\P1671TT.xlsx = Documents\Cord\Cord Documents 3\P1671TT.xlsx
	EndProjectSection
EndProject
Project("{2150E333-8FDC-42A3-9474-1A3956D46DE8}") = "Cord Imports", "Cord Imports", "{939688C7-1359-4B3B-A8BB-E673B1479DC7}"
	ProjectSection(SolutionItems) = preProject
		Documents\Cord\Cord Imports\S1ConditionStd.xlsx = Documents\Cord\Cord Imports\S1ConditionStd.xlsx
		Documents\Cord\Cord Imports\S4ConditionStd.xlsx = Documents\Cord\Cord Imports\S4ConditionStd.xlsx
	EndProjectSection
EndProject
Global
	GlobalSection(SolutionConfigurationPlatforms) = preSolution
		Debug|Any CPU = Debug|Any CPU
		Release|Any CPU = Release|Any CPU
	EndGlobalSection
	GlobalSection(ProjectConfigurationPlatforms) = postSolution
		{41A9D6C0-C833-403F-9BC1-EECDC246A428}.Debug|Any CPU.ActiveCfg = Debug|Any CPU
		{41A9D6C0-C833-403F-9BC1-EECDC246A428}.Debug|Any CPU.Build.0 = Debug|Any CPU
		{41A9D6C0-C833-403F-9BC1-EECDC246A428}.Release|Any CPU.ActiveCfg = Release|Any CPU
		{41A9D6C0-C833-403F-9BC1-EECDC246A428}.Release|Any CPU.Build.0 = Release|Any CPU
		{5879D92A-F850-4A70-8D88-99D29F6A46F3}.Debug|Any CPU.ActiveCfg = Debug|Any CPU
		{5879D92A-F850-4A70-8D88-99D29F6A46F3}.Debug|Any CPU.Build.0 = Debug|Any CPU
		{5879D92A-F850-4A70-8D88-99D29F6A46F3}.Release|Any CPU.ActiveCfg = Release|Any CPU
		{5879D92A-F850-4A70-8D88-99D29F6A46F3}.Release|Any CPU.Build.0 = Release|Any CPU
		{97207FA7-D028-4F2F-812E-F2A3E2A85C81}.Debug|Any CPU.ActiveCfg = Debug|Any CPU
		{97207FA7-D028-4F2F-812E-F2A3E2A85C81}.Debug|Any CPU.Build.0 = Debug|Any CPU
		{97207FA7-D028-4F2F-812E-F2A3E2A85C81}.Release|Any CPU.ActiveCfg = Release|Any CPU
		{97207FA7-D028-4F2F-812E-F2A3E2A85C81}.Release|Any CPU.Build.0 = Release|Any CPU
		{11CA5B2D-AE32-4514-AFB4-9F24B851C9E0}.Debug|Any CPU.ActiveCfg = Debug|Any CPU
		{11CA5B2D-AE32-4514-AFB4-9F24B851C9E0}.Debug|Any CPU.Build.0 = Debug|Any CPU
		{11CA5B2D-AE32-4514-AFB4-9F24B851C9E0}.Release|Any CPU.ActiveCfg = Release|Any CPU
		{11CA5B2D-AE32-4514-AFB4-9F24B851C9E0}.Release|Any CPU.Build.0 = Release|Any CPU
		{79B5DFDA-FC06-4DC2-A260-07DE878E5FA7}.Debug|Any CPU.ActiveCfg = Debug|Any CPU
		{79B5DFDA-FC06-4DC2-A260-07DE878E5FA7}.Debug|Any CPU.Build.0 = Debug|Any CPU
		{79B5DFDA-FC06-4DC2-A260-07DE878E5FA7}.Release|Any CPU.ActiveCfg = Release|Any CPU
		{79B5DFDA-FC06-4DC2-A260-07DE878E5FA7}.Release|Any CPU.Build.0 = Release|Any CPU
		{29F96A5F-D9D4-4EE7-82EE-E423749372B3}.Debug|Any CPU.ActiveCfg = Debug|Any CPU
		{29F96A5F-D9D4-4EE7-82EE-E423749372B3}.Debug|Any CPU.Build.0 = Debug|Any CPU
		{29F96A5F-D9D4-4EE7-82EE-E423749372B3}.Release|Any CPU.ActiveCfg = Release|Any CPU
		{29F96A5F-D9D4-4EE7-82EE-E423749372B3}.Release|Any CPU.Build.0 = Release|Any CPU
		{3A0AD7ED-1823-45E7-8BE3-6E69FAEA7C32}.Debug|Any CPU.ActiveCfg = Debug|Any CPU
		{3A0AD7ED-1823-45E7-8BE3-6E69FAEA7C32}.Debug|Any CPU.Build.0 = Debug|Any CPU
		{3A0AD7ED-1823-45E7-8BE3-6E69FAEA7C32}.Release|Any CPU.ActiveCfg = Release|Any CPU
		{3A0AD7ED-1823-45E7-8BE3-6E69FAEA7C32}.Release|Any CPU.Build.0 = Release|Any CPU
		{9966417B-FA3A-428C-8812-FD1A9488805F}.Debug|Any CPU.ActiveCfg = Debug|Any CPU
		{9966417B-FA3A-428C-8812-FD1A9488805F}.Debug|Any CPU.Build.0 = Debug|Any CPU
		{9966417B-FA3A-428C-8812-FD1A9488805F}.Release|Any CPU.ActiveCfg = Release|Any CPU
		{9966417B-FA3A-428C-8812-FD1A9488805F}.Release|Any CPU.Build.0 = Release|Any CPU
		{FD2DBC77-8DFE-415C-A4A4-283CFD16C549}.Debug|Any CPU.ActiveCfg = Debug|Any CPU
		{FD2DBC77-8DFE-415C-A4A4-283CFD16C549}.Debug|Any CPU.Build.0 = Debug|Any CPU
		{FD2DBC77-8DFE-415C-A4A4-283CFD16C549}.Release|Any CPU.ActiveCfg = Release|Any CPU
		{FD2DBC77-8DFE-415C-A4A4-283CFD16C549}.Release|Any CPU.Build.0 = Release|Any CPU
		{E66D23A9-1AEF-44D4-8255-A971B9B9065F}.Debug|Any CPU.ActiveCfg = Debug|Any CPU
		{E66D23A9-1AEF-44D4-8255-A971B9B9065F}.Debug|Any CPU.Build.0 = Debug|Any CPU
		{E66D23A9-1AEF-44D4-8255-A971B9B9065F}.Release|Any CPU.ActiveCfg = Release|Any CPU
		{E66D23A9-1AEF-44D4-8255-A971B9B9065F}.Release|Any CPU.Build.0 = Release|Any CPU
		{93ACB478-4570-4F67-9442-2839D1A46EC9}.Debug|Any CPU.ActiveCfg = Debug|Any CPU
		{93ACB478-4570-4F67-9442-2839D1A46EC9}.Debug|Any CPU.Build.0 = Debug|Any CPU
		{93ACB478-4570-4F67-9442-2839D1A46EC9}.Release|Any CPU.ActiveCfg = Release|Any CPU
		{93ACB478-4570-4F67-9442-2839D1A46EC9}.Release|Any CPU.Build.0 = Release|Any CPU
		{238FC7FF-5234-4FEB-8265-22B8E8F01B0C}.Debug|Any CPU.ActiveCfg = Debug|Any CPU
		{238FC7FF-5234-4FEB-8265-22B8E8F01B0C}.Debug|Any CPU.Build.0 = Debug|Any CPU
		{238FC7FF-5234-4FEB-8265-22B8E8F01B0C}.Release|Any CPU.ActiveCfg = Release|Any CPU
		{238FC7FF-5234-4FEB-8265-22B8E8F01B0C}.Release|Any CPU.Build.0 = Release|Any CPU
		{D630DDB9-753C-4E24-B2E7-01D96BDB21E8}.Debug|Any CPU.ActiveCfg = Debug|Any CPU
		{D630DDB9-753C-4E24-B2E7-01D96BDB21E8}.Debug|Any CPU.Build.0 = Debug|Any CPU
		{D630DDB9-753C-4E24-B2E7-01D96BDB21E8}.Release|Any CPU.ActiveCfg = Release|Any CPU
		{D630DDB9-753C-4E24-B2E7-01D96BDB21E8}.Release|Any CPU.Build.0 = Release|Any CPU
		{E0D610B7-6D04-40B8-93FD-F32AE06DDD32}.Debug|Any CPU.ActiveCfg = Debug|Any CPU
		{E0D610B7-6D04-40B8-93FD-F32AE06DDD32}.Debug|Any CPU.Build.0 = Debug|Any CPU
		{E0D610B7-6D04-40B8-93FD-F32AE06DDD32}.Release|Any CPU.ActiveCfg = Release|Any CPU
		{E0D610B7-6D04-40B8-93FD-F32AE06DDD32}.Release|Any CPU.Build.0 = Release|Any CPU
		{9EF1AB38-4DEF-4B56-A5EF-65BB87DE45BA}.Debug|Any CPU.ActiveCfg = Debug|Any CPU
		{9EF1AB38-4DEF-4B56-A5EF-65BB87DE45BA}.Debug|Any CPU.Build.0 = Debug|Any CPU
		{9EF1AB38-4DEF-4B56-A5EF-65BB87DE45BA}.Release|Any CPU.ActiveCfg = Release|Any CPU
		{9EF1AB38-4DEF-4B56-A5EF-65BB87DE45BA}.Release|Any CPU.Build.0 = Release|Any CPU
		{2E161B42-CD75-435F-8FBE-589E63F96240}.Debug|Any CPU.ActiveCfg = Debug|Any CPU
		{2E161B42-CD75-435F-8FBE-589E63F96240}.Debug|Any CPU.Build.0 = Debug|Any CPU
		{2E161B42-CD75-435F-8FBE-589E63F96240}.Release|Any CPU.ActiveCfg = Release|Any CPU
		{2E161B42-CD75-435F-8FBE-589E63F96240}.Release|Any CPU.Build.0 = Release|Any CPU
	EndGlobalSection
	GlobalSection(SolutionProperties) = preSolution
		HideSolutionNode = FALSE
	EndGlobalSection
	GlobalSection(NestedProjects) = preSolution
		{41A9D6C0-C833-403F-9BC1-EECDC246A428} = {55BDE894-1CA8-442F-8E7C-B827CD14A94F}
		{5879D92A-F850-4A70-8D88-99D29F6A46F3} = {55BDE894-1CA8-442F-8E7C-B827CD14A94F}
		{97207FA7-D028-4F2F-812E-F2A3E2A85C81} = {32311EC4-202E-4CF0-92C8-AD2A1617A18A}
		{11CA5B2D-AE32-4514-AFB4-9F24B851C9E0} = {95631D99-8D15-405D-ACBF-93362B3B019C}
		{79B5DFDA-FC06-4DC2-A260-07DE878E5FA7} = {A3393158-5B07-4CD3-B03E-62CBC1A331DB}
		{29F96A5F-D9D4-4EE7-82EE-E423749372B3} = {B80910F2-BC08-4C75-9E6D-170ECC150E61}
		{3A0AD7ED-1823-45E7-8BE3-6E69FAEA7C32} = {B80910F2-BC08-4C75-9E6D-170ECC150E61}
		{9966417B-FA3A-428C-8812-FD1A9488805F} = {159B3C70-A36A-4E53-91A1-B346894525DF}
		{61233AE4-1587-4645-8540-83E1619B046C} = {1DE223BB-AD1B-492D-A448-C89373B2D54D}
		{B2818B90-A408-452A-B236-02309FC6455F} = {1DE223BB-AD1B-492D-A448-C89373B2D54D}
		{06A1A6D2-E660-4257-8A0E-7A3030BB3871} = {61233AE4-1587-4645-8540-83E1619B046C}
		{DD4121D2-A818-4B75-9C17-EADE5D556905} = {06A1A6D2-E660-4257-8A0E-7A3030BB3871}
		{58E12BCF-850D-4E8A-8388-F8E56E58147A} = {B2818B90-A408-452A-B236-02309FC6455F}
		{FD2DBC77-8DFE-415C-A4A4-283CFD16C549} = {159B3C70-A36A-4E53-91A1-B346894525DF}
		{E66D23A9-1AEF-44D4-8255-A971B9B9065F} = {159B3C70-A36A-4E53-91A1-B346894525DF}
		{8550DF40-EF48-4A89-A7E5-AA39F4113E62} = {B2818B90-A408-452A-B236-02309FC6455F}
		{93ACB478-4570-4F67-9442-2839D1A46EC9} = {55BDE894-1CA8-442F-8E7C-B827CD14A94F}
		{238FC7FF-5234-4FEB-8265-22B8E8F01B0C} = {55BDE894-1CA8-442F-8E7C-B827CD14A94F}
		{D630DDB9-753C-4E24-B2E7-01D96BDB21E8} = {159B3C70-A36A-4E53-91A1-B346894525DF}
		{748F0C41-F28A-4609-A45C-C46D218F0470} = {1DE223BB-AD1B-492D-A448-C89373B2D54D}
		{5C54D9E2-5613-452D-AB27-C131D613F94B} = {748F0C41-F28A-4609-A45C-C46D218F0470}
		{C421F315-83E3-4CFB-A664-8E4D19F3DCE1} = {748F0C41-F28A-4609-A45C-C46D218F0470}
		{E0D610B7-6D04-40B8-93FD-F32AE06DDD32} = {159B3C70-A36A-4E53-91A1-B346894525DF}
		{62778368-8AB8-4597-A82A-920E2975A982} = {B2818B90-A408-452A-B236-02309FC6455F}
		{3487607A-154F-41EE-A04D-C71F2D382CC4} = {62778368-8AB8-4597-A82A-920E2975A982}
		{466F64A8-B4FA-49C8-A061-A0DACE3C77C6} = {5C54D9E2-5613-452D-AB27-C131D613F94B}
		{943E6355-3881-4D47-837E-524D70D3FD14} = {5C54D9E2-5613-452D-AB27-C131D613F94B}
		{52DA3F0D-91F5-45F1-A955-9CB3DF6D9ABD} = {3487607A-154F-41EE-A04D-C71F2D382CC4}
		{9EF1AB38-4DEF-4B56-A5EF-65BB87DE45BA} = {B80910F2-BC08-4C75-9E6D-170ECC150E61}
		{4ACCB01C-9DA9-4B86-81F7-CE9B18257A9C} = {5C54D9E2-5613-452D-AB27-C131D613F94B}
		{2E161B42-CD75-435F-8FBE-589E63F96240} = {159B3C70-A36A-4E53-91A1-B346894525DF}
		{1AB1F0A9-1A19-4C59-BF0B-0D070A356997} = {B2818B90-A408-452A-B236-02309FC6455F}
		{CE252662-AFB5-416E-B2AA-6C7A308F0656} = {B2818B90-A408-452A-B236-02309FC6455F}
		{6EBCABE5-CEFD-480F-99CF-341C107EBA63} = {B2818B90-A408-452A-B236-02309FC6455F}
		{A463D8D3-81AB-4242-BEEF-EE9DF506194F} = {B2818B90-A408-452A-B236-02309FC6455F}
		{40B588C6-09B5-4446-9E61-2A6F3B9890DD} = {B2818B90-A408-452A-B236-02309FC6455F}
		{3BFE983F-FEFA-4B91-B41E-8539188CC6D3} = {B2818B90-A408-452A-B236-02309FC6455F}
		{544BD3D4-3D18-43A4-86AA-A8238C51713F} = {B2818B90-A408-452A-B236-02309FC6455F}
		{F7354561-7AED-4DDA-AE91-EF1FBDAF8728} = {B2818B90-A408-452A-B236-02309FC6455F}
		{939688C7-1359-4B3B-A8BB-E673B1479DC7} = {B2818B90-A408-452A-B236-02309FC6455F}
	EndGlobalSection
	GlobalSection(ExtensibilityGlobals) = postSolution
		SolutionGuid = {A9DA7051-D33D-4883-8812-B521F0C8D191}
	EndGlobalSection
EndGlobal
